
Microsoft Visual Studio Solution File, Format Version 12.00
# Visual Studio Version 17
VisualStudioVersion = 17.11.35327.3
MinimumVisualStudioVersion = 10.0.40219.1
Project("{FAE04EC0-301F-11D3-BF4B-00C04F79EFBC}") = "assi", "assi\assi.csproj", "{B781E9B9-978C-4465-9CAA-6B85EEA3855E}"
EndProject
Global
	GlobalSection(SolutionConfigurationPlatforms) = preSolution
		Debug|Any CPU = Debug|Any CPU
		Release|Any CPU = Release|Any CPU
	EndGlobalSection
	GlobalSection(ProjectConfigurationPlatforms) = postSolution
		{B781E9B9-978C-4465-9CAA-6B85EEA3855E}.Debug|Any CPU.ActiveCfg = Debug|Any CPU
		{B781E9B9-978C-4465-9CAA-6B85EEA3855E}.Debug|Any CPU.Build.0 = Debug|Any CPU
		{B781E9B9-978C-4465-9CAA-6B85EEA3855E}.Release|Any CPU.ActiveCfg = Release|Any CPU
		{B781E9B9-978C-4465-9CAA-6B85EEA3855E}.Release|Any CPU.Build.0 = Release|Any CPU
	EndGlobalSection
	GlobalSection(SolutionProperties) = preSolution
		HideSolutionNode = FALSE
	EndGlobalSection
	GlobalSection(ExtensibilityGlobals) = postSolution
		SolutionGuid = {98686360-3C2B-460F-90B1-940F246C527A}
	EndGlobalSection
EndGlobal
